<Solution>
  <Folder Name="/src/">
    <Project Path="src\API\UCertify.API\UCertify.API.csproj" />
  </Folder>
  <Folder Name="/src/Modules/" />
  <Folder Name="/src/Modules/Applications/">
    <Project Path="src/Modules/Applications/UCertify.Modules.Applications.Domain/UCertify.Modules.Applications.Domain.csproj" />
  </Folder>
  <Folder Name="/test/" />
</Solution>