<Solution>
  <Folder Name="/src/">
    <Project Path="src\API\UCertify.API\UCertify.API.csproj" Type="Classic C#" />
    <Project Path="src\Modules\Applications\UCertify.Modules.Applications.Api\UCertify.Modules.Applications.Api.csproj" Type="Classic C#" />
  </Folder>
  <Folder Name="/test/" />
</Solution>